
Microsoft Visual Studio Solution File, Format Version 12.00
# Visual Studio Version 16
VisualStudioVersion = 16.0.31410.357
MinimumVisualStudioVersion = 10.0.40219.1
Project("{9A19103F-16F7-4668-BE54-9A1E7A4F7556}") = "Techtonica Mod Loader", "Techtonica Mod Loader\Techtonica Mod Loader.csproj", "{9CCB81F1-C114-4B6B-A8B3-4BD5AD099745}"
EndProject
Project("{2150E333-8FDC-42A3-9474-1A3956D46DE8}") = "External Resources", "External Resources", "{3E553673-67E4-45AC-88AB-611BFDA88B70}"
	ProjectSection(SolutionItems) = preProject
		TechtonicaML_AutoUpdate.xml = TechtonicaML_AutoUpdate.xml
	EndProjectSection
EndProject
Global
	GlobalSection(SolutionConfigurationPlatforms) = preSolution
		Debug|Any CPU = Debug|Any CPU
		Release|Any CPU = Release|Any CPU
	EndGlobalSection
	GlobalSection(ProjectConfigurationPlatforms) = postSolution
		{9CCB81F1-C114-4B6B-A8B3-4BD5AD099745}.Debug|Any CPU.ActiveCfg = Debug|Any CPU
		{9CCB81F1-C114-4B6B-A8B3-4BD5AD099745}.Debug|Any CPU.Build.0 = Debug|Any CPU
		{9CCB81F1-C114-4B6B-A8B3-4BD5AD099745}.Release|Any CPU.ActiveCfg = Release|Any CPU
		{9CCB81F1-C114-4B6B-A8B3-4BD5AD099745}.Release|Any CPU.Build.0 = Release|Any CPU
	EndGlobalSection
	GlobalSection(SolutionProperties) = preSolution
		HideSolutionNode = FALSE
	EndGlobalSection
	GlobalSection(ExtensibilityGlobals) = postSolution
		SolutionGuid = {F5C7B997-7CC1-4742-922A-5D5F5C19303A}
	EndGlobalSection
EndGlobal
